// !$*UTF8*$!
{
	archiveVersion = 1;
	classes = {
	};
	objectVersion = 50;
	objects = {

/* Begin PBXBuildFile section */
		19767692259EB4130003FD61 /* ItemList.swift in Sources */ = {isa = PBXBuildFile; fileRef = 19767691259EB4120003FD61 /* ItemList.swift */; };
		780F7028259B5B2000062EB5 /* ToDoListApp.swift in Sources */ = {isa = PBXBuildFile; fileRef = 780F7027259B5B2000062EB5 /* ToDoListApp.swift */; };
		780F702A259B5B2000062EB5 /* ContentView.swift in Sources */ = {isa = PBXBuildFile; fileRef = 780F7029259B5B2000062EB5 /* ContentView.swift */; };
		780F702C259B5B2200062EB5 /* Assets.xcassets in Resources */ = {isa = PBXBuildFile; fileRef = 780F702B259B5B2200062EB5 /* Assets.xcassets */; };
		780F702F259B5B2200062EB5 /* Preview Assets.xcassets in Resources */ = {isa = PBXBuildFile; fileRef = 780F702E259B5B2200062EB5 /* Preview Assets.xcassets */; };
		786F7AAD25A21E040047AA10 /* SequenceExtensions.swift in Sources */ = {isa = PBXBuildFile; fileRef = 786F7AAC25A21E040047AA10 /* SequenceExtensions.swift */; };
		789FD14B259CB70200630153 /* ItemView.swift in Sources */ = {isa = PBXBuildFile; fileRef = 789FD14A259CB70200630153 /* ItemView.swift */; };
		789FD150259CB75800630153 /* UserSettings.swift in Sources */ = {isa = PBXBuildFile; fileRef = 789FD14F259CB75800630153 /* UserSettings.swift */; };
		789FD154259CBA2200630153 /* Item.swift in Sources */ = {isa = PBXBuildFile; fileRef = 789FD153259CBA2200630153 /* Item.swift */; };
		789FD158259CBA8E00630153 /* IItemStrage.swift in Sources */ = {isa = PBXBuildFile; fileRef = 789FD157259CBA8E00630153 /* IItemStrage.swift */; };
		789FD162259CC56000630153 /* Codable.swift in Sources */ = {isa = PBXBuildFile; fileRef = 789FD161259CC56000630153 /* Codable.swift */; };
/* End PBXBuildFile section */

/* Begin PBXFileReference section */
		19767691259EB4120003FD61 /* ItemList.swift */ = {isa = PBXFileReference; lastKnownFileType = sourcecode.swift; path = ItemList.swift; sourceTree = "<group>"; };
		780F7024259B5B2000062EB5 /* ToDoList.app */ = {isa = PBXFileReference; explicitFileType = wrapper.application; includeInIndex = 0; path = ToDoList.app; sourceTree = BUILT_PRODUCTS_DIR; };
		780F7027259B5B2000062EB5 /* ToDoListApp.swift */ = {isa = PBXFileReference; lastKnownFileType = sourcecode.swift; path = ToDoListApp.swift; sourceTree = "<group>"; };
		780F7029259B5B2000062EB5 /* ContentView.swift */ = {isa = PBXFileReference; lastKnownFileType = sourcecode.swift; path = ContentView.swift; sourceTree = "<group>"; };
		780F702B259B5B2200062EB5 /* Assets.xcassets */ = {isa = PBXFileReference; lastKnownFileType = folder.assetcatalog; path = Assets.xcassets; sourceTree = "<group>"; };
		780F702E259B5B2200062EB5 /* Preview Assets.xcassets */ = {isa = PBXFileReference; lastKnownFileType = folder.assetcatalog; path = "Preview Assets.xcassets"; sourceTree = "<group>"; };
		780F7030259B5B2200062EB5 /* Info.plist */ = {isa = PBXFileReference; lastKnownFileType = text.plist.xml; path = Info.plist; sourceTree = "<group>"; };
		786F7AAC25A21E040047AA10 /* SequenceExtensions.swift */ = {isa = PBXFileReference; lastKnownFileType = sourcecode.swift; path = SequenceExtensions.swift; sourceTree = "<group>"; };
		789FD14A259CB70200630153 /* ItemView.swift */ = {isa = PBXFileReference; lastKnownFileType = sourcecode.swift; path = ItemView.swift; sourceTree = "<group>"; };
		789FD14F259CB75800630153 /* UserSettings.swift */ = {isa = PBXFileReference; lastKnownFileType = sourcecode.swift; path = UserSettings.swift; sourceTree = "<group>"; };
		789FD153259CBA2200630153 /* Item.swift */ = {isa = PBXFileReference; lastKnownFileType = sourcecode.swift; path = Item.swift; sourceTree = "<group>"; };
		789FD157259CBA8E00630153 /* IItemStrage.swift */ = {isa = PBXFileReference; lastKnownFileType = sourcecode.swift; path = IItemStrage.swift; sourceTree = "<group>"; };
		789FD161259CC56000630153 /* Codable.swift */ = {isa = PBXFileReference; lastKnownFileType = sourcecode.swift; path = Codable.swift; sourceTree = "<group>"; };
/* End PBXFileReference section */

/* Begin PBXFrameworksBuildPhase section */
		780F7021259B5B2000062EB5 /* Frameworks */ = {
			isa = PBXFrameworksBuildPhase;
			buildActionMask = 2147483647;
			files = (
			);
			runOnlyForDeploymentPostprocessing = 0;
		};
/* End PBXFrameworksBuildPhase section */

/* Begin PBXGroup section */
		19767690259EB3D00003FD61 /* ObservableObjects */ = {
			isa = PBXGroup;
			children = (
				19767691259EB4120003FD61 /* ItemList.swift */,
			);
			path = ObservableObjects;
			sourceTree = "<group>";
		};
		780F701B259B5B2000062EB5 = {
			isa = PBXGroup;
			children = (
				780F7026259B5B2000062EB5 /* ToDoList */,
				780F7025259B5B2000062EB5 /* Products */,
			);
			sourceTree = "<group>";
		};
		780F7025259B5B2000062EB5 /* Products */ = {
			isa = PBXGroup;
			children = (
				780F7024259B5B2000062EB5 /* ToDoList.app */,
			);
			name = Products;
			sourceTree = "<group>";
		};
		780F7026259B5B2000062EB5 /* ToDoList */ = {
			isa = PBXGroup;
			children = (
				19767690259EB3D00003FD61 /* ObservableObjects */,
				789FD149259CB6E800630153 /* Views */,
				789FD156259CBA3E00630153 /* Models */,
				789FD15F259CC54600630153 /* Utilities */,
				789FD14E259CB74200630153 /* Enviroments */,
				780F7027259B5B2000062EB5 /* ToDoListApp.swift */,
				780F702B259B5B2200062EB5 /* Assets.xcassets */,
				780F7030259B5B2200062EB5 /* Info.plist */,
				780F702D259B5B2200062EB5 /* Preview Content */,
			);
			path = ToDoList;
			sourceTree = "<group>";
		};
		780F702D259B5B2200062EB5 /* Preview Content */ = {
			isa = PBXGroup;
			children = (
				780F702E259B5B2200062EB5 /* Preview Assets.xcassets */,
			);
			path = "Preview Content";
			sourceTree = "<group>";
		};
		789FD149259CB6E800630153 /* Views */ = {
			isa = PBXGroup;
			children = (
				780F7029259B5B2000062EB5 /* ContentView.swift */,
				789FD14A259CB70200630153 /* ItemView.swift */,
			);
			path = Views;
			sourceTree = "<group>";
		};
		789FD14E259CB74200630153 /* Enviroments */ = {
			isa = PBXGroup;
			children = (
				789FD14F259CB75800630153 /* UserSettings.swift */,
			);
			path = Enviroments;
			sourceTree = "<group>";
		};
		789FD156259CBA3E00630153 /* Models */ = {
			isa = PBXGroup;
			children = (
				789FD153259CBA2200630153 /* Item.swift */,
				789FD157259CBA8E00630153 /* IItemStrage.swift */,
			);
			path = Models;
			sourceTree = "<group>";
		};
		789FD15F259CC54600630153 /* Utilities */ = {
			isa = PBXGroup;
			children = (
				789FD161259CC56000630153 /* Codable.swift */,
				786F7AAC25A21E040047AA10 /* SequenceExtensions.swift */,
			);
			path = Utilities;
			sourceTree = "<group>";
		};
/* End PBXGroup section */

/* Begin PBXNativeTarget section */
		780F7023259B5B2000062EB5 /* ToDoList */ = {
			isa = PBXNativeTarget;
			buildConfigurationList = 780F7033259B5B2200062EB5 /* Build configuration list for PBXNativeTarget "ToDoList" */;
			buildPhases = (
				780F7020259B5B2000062EB5 /* Sources */,
				780F7021259B5B2000062EB5 /* Frameworks */,
				780F7022259B5B2000062EB5 /* Resources */,
			);
			buildRules = (
			);
			dependencies = (
			);
			name = ToDoList;
			productName = ToDoList;
			productReference = 780F7024259B5B2000062EB5 /* ToDoList.app */;
			productType = "com.apple.product-type.application";
		};
/* End PBXNativeTarget section */

/* Begin PBXProject section */
		780F701C259B5B2000062EB5 /* Project object */ = {
			isa = PBXProject;
			attributes = {
				LastSwiftUpdateCheck = 1230;
				LastUpgradeCheck = 1230;
				TargetAttributes = {
					780F7023259B5B2000062EB5 = {
						CreatedOnToolsVersion = 12.3;
					};
				};
			};
			buildConfigurationList = 780F701F259B5B2000062EB5 /* Build configuration list for PBXProject "ToDoList" */;
			compatibilityVersion = "Xcode 9.3";
			developmentRegion = en;
			hasScannedForEncodings = 0;
			knownRegions = (
				en,
				Base,
			);
			mainGroup = 780F701B259B5B2000062EB5;
			productRefGroup = 780F7025259B5B2000062EB5 /* Products */;
			projectDirPath = "";
			projectRoot = "";
			targets = (
				780F7023259B5B2000062EB5 /* ToDoList */,
			);
		};
/* End PBXProject section */

/* Begin PBXResourcesBuildPhase section */
		780F7022259B5B2000062EB5 /* Resources */ = {
			isa = PBXResourcesBuildPhase;
			buildActionMask = 2147483647;
			files = (
				780F702F259B5B2200062EB5 /* Preview Assets.xcassets in Resources */,
				780F702C259B5B2200062EB5 /* Assets.xcassets in Resources */,
			);
			runOnlyForDeploymentPostprocessing = 0;
		};
/* End PBXResourcesBuildPhase section */

/* Begin PBXSourcesBuildPhase section */
		780F7020259B5B2000062EB5 /* Sources */ = {
			isa = PBXSourcesBuildPhase;
			buildActionMask = 2147483647;
			files = (
				789FD154259CBA2200630153 /* Item.swift in Sources */,
				786F7AAD25A21E040047AA10 /* SequenceExtensions.swift in Sources */,
				789FD150259CB75800630153 /* UserSettings.swift in Sources */,
				789FD158259CBA8E00630153 /* IItemStrage.swift in Sources */,
				780F702A259B5B2000062EB5 /* ContentView.swift in Sources */,
				19767692259EB4130003FD61 /* ItemList.swift in Sources */,
				789FD14B259CB70200630153 /* ItemView.swift in Sources */,
				789FD162259CC56000630153 /* Codable.swift in Sources */,
				780F7028259B5B2000062EB5 /* ToDoListApp.swift in Sources */,
			);
			runOnlyForDeploymentPostprocessing = 0;
		};
/* End PBXSourcesBuildPhase section */

/* Begin XCBuildConfiguration section */
		780F7031259B5B2200062EB5 /* Debug */ = {
			isa = XCBuildConfiguration;
			buildSettings = {
				ALWAYS_SEARCH_USER_PATHS = NO;
				CLANG_ANALYZER_NONNULL = YES;
				CLANG_ANALYZER_NUMBER_OBJECT_CONVERSION = YES_AGGRESSIVE;
				CLANG_CXX_LANGUAGE_STANDARD = "gnu++14";
				CLANG_CXX_LIBRARY = "libc++";
				CLANG_ENABLE_MODULES = YES;
				CLANG_ENABLE_OBJC_ARC = YES;
				CLANG_ENABLE_OBJC_WEAK = YES;
				CLANG_WARN_BLOCK_CAPTURE_AUTORELEASING = YES;
				CLANG_WARN_BOOL_CONVERSION = YES;
				CLANG_WARN_COMMA = YES;
				CLANG_WARN_CONSTANT_CONVERSION = YES;
				CLANG_WARN_DEPRECATED_OBJC_IMPLEMENTATIONS = YES;
				CLANG_WARN_DIRECT_OBJC_ISA_USAGE = YES_ERROR;
				CLANG_WARN_DOCUMENTATION_COMMENTS = YES;
				CLANG_WARN_EMPTY_BODY = YES;
				CLANG_WARN_ENUM_CONVERSION = YES;
				CLANG_WARN_INFINITE_RECURSION = YES;
				CLANG_WARN_INT_CONVERSION = YES;
				CLANG_WARN_NON_LITERAL_NULL_CONVERSION = YES;
				CLANG_WARN_OBJC_IMPLICIT_RETAIN_SELF = YES;
				CLANG_WARN_OBJC_LITERAL_CONVERSION = YES;
				CLANG_WARN_OBJC_ROOT_CLASS = YES_ERROR;
				CLANG_WARN_QUOTED_INCLUDE_IN_FRAMEWORK_HEADER = YES;
				CLANG_WARN_RANGE_LOOP_ANALYSIS = YES;
				CLANG_WARN_STRICT_PROTOTYPES = YES;
				CLANG_WARN_SUSPICIOUS_MOVE = YES;
				CLANG_WARN_UNGUARDED_AVAILABILITY = YES_AGGRESSIVE;
				CLANG_WARN_UNREACHABLE_CODE = YES;
				CLANG_WARN__DUPLICATE_METHOD_MATCH = YES;
				COPY_PHASE_STRIP = NO;
				DEBUG_INFORMATION_FORMAT = dwarf;
				ENABLE_STRICT_OBJC_MSGSEND = YES;
				ENABLE_TESTABILITY = YES;
				GCC_C_LANGUAGE_STANDARD = gnu11;
				GCC_DYNAMIC_NO_PIC = NO;
				GCC_NO_COMMON_BLOCKS = YES;
				GCC_OPTIMIZATION_LEVEL = 0;
				GCC_PREPROCESSOR_DEFINITIONS = (
					"DEBUG=1",
					"$(inherited)",
				);
				GCC_WARN_64_TO_32_BIT_CONVERSION = YES;
				GCC_WARN_ABOUT_RETURN_TYPE = YES_ERROR;
				GCC_WARN_UNDECLARED_SELECTOR = YES;
				GCC_WARN_UNINITIALIZED_AUTOS = YES_AGGRESSIVE;
				GCC_WARN_UNUSED_FUNCTION = YES;
				GCC_WARN_UNUSED_VARIABLE = YES;
				IPHONEOS_DEPLOYMENT_TARGET = 14.0;
				MTL_ENABLE_DEBUG_INFO = INCLUDE_SOURCE;
				MTL_FAST_MATH = YES;
				ONLY_ACTIVE_ARCH = YES;
				SDKROOT = iphoneos;
				SWIFT_ACTIVE_COMPILATION_CONDITIONS = DEBUG;
				SWIFT_OPTIMIZATION_LEVEL = "-Onone";
			};
			name = Debug;
		};
		780F7032259B5B2200062EB5 /* Release */ = {
			isa = XCBuildConfiguration;
			buildSettings = {
				ALWAYS_SEARCH_USER_PATHS = NO;
				CLANG_ANALYZER_NONNULL = YES;
				CLANG_ANALYZER_NUMBER_OBJECT_CONVERSION = YES_AGGRESSIVE;
				CLANG_CXX_LANGUAGE_STANDARD = "gnu++14";
				CLANG_CXX_LIBRARY = "libc++";
				CLANG_ENABLE_MODULES = YES;
				CLANG_ENABLE_OBJC_ARC = YES;
				CLANG_ENABLE_OBJC_WEAK = YES;
				CLANG_WARN_BLOCK_CAPTURE_AUTORELEASING = YES;
				CLANG_WARN_BOOL_CONVERSION = YES;
				CLANG_WARN_COMMA = YES;
				CLANG_WARN_CONSTANT_CONVERSION = YES;
				CLANG_WARN_DEPRECATED_OBJC_IMPLEMENTATIONS = YES;
				CLANG_WARN_DIRECT_OBJC_ISA_USAGE = YES_ERROR;
				CLANG_WARN_DOCUMENTATION_COMMENTS = YES;
				CLANG_WARN_EMPTY_BODY = YES;
				CLANG_WARN_ENUM_CONVERSION = YES;
				CLANG_WARN_INFINITE_RECURSION = YES;
				CLANG_WARN_INT_CONVERSION = YES;
				CLANG_WARN_NON_LITERAL_NULL_CONVERSION = YES;
				CLANG_WARN_OBJC_IMPLICIT_RETAIN_SELF = YES;
				CLANG_WARN_OBJC_LITERAL_CONVERSION = YES;
				CLANG_WARN_OBJC_ROOT_CLASS = YES_ERROR;
				CLANG_WARN_QUOTED_INCLUDE_IN_FRAMEWORK_HEADER = YES;
				CLANG_WARN_RANGE_LOOP_ANALYSIS = YES;
				CLANG_WARN_STRICT_PROTOTYPES = YES;
				CLANG_WARN_SUSPICIOUS_MOVE = YES;
				CLANG_WARN_UNGUARDED_AVAILABILITY = YES_AGGRESSIVE;
				CLANG_WARN_UNREACHABLE_CODE = YES;
				CLANG_WARN__DUPLICATE_METHOD_MATCH = YES;
				COPY_PHASE_STRIP = NO;
				DEBUG_INFORMATION_FORMAT = "dwarf-with-dsym";
				ENABLE_NS_ASSERTIONS = NO;
				ENABLE_STRICT_OBJC_MSGSEND = YES;
				GCC_C_LANGUAGE_STANDARD = gnu11;
				GCC_NO_COMMON_BLOCKS = YES;
				GCC_WARN_64_TO_32_BIT_CONVERSION = YES;
				GCC_WARN_ABOUT_RETURN_TYPE = YES_ERROR;
				GCC_WARN_UNDECLARED_SELECTOR = YES;
				GCC_WARN_UNINITIALIZED_AUTOS = YES_AGGRESSIVE;
				GCC_WARN_UNUSED_FUNCTION = YES;
				GCC_WARN_UNUSED_VARIABLE = YES;
				IPHONEOS_DEPLOYMENT_TARGET = 14.0;
				MTL_ENABLE_DEBUG_INFO = NO;
				MTL_FAST_MATH = YES;
				SDKROOT = iphoneos;
				SWIFT_COMPILATION_MODE = wholemodule;
				SWIFT_OPTIMIZATION_LEVEL = "-O";
				VALIDATE_PRODUCT = YES;
			};
			name = Release;
		};
		780F7034259B5B2200062EB5 /* Debug */ = {
			isa = XCBuildConfiguration;
			buildSettings = {
				ASSETCATALOG_COMPILER_APPICON_NAME = AppIcon;
				ASSETCATALOG_COMPILER_GLOBAL_ACCENT_COLOR_NAME = AccentColor;
				CODE_SIGN_STYLE = Automatic;
				DEVELOPMENT_ASSET_PATHS = "\"ToDoList/Preview Content\"";
				DEVELOPMENT_TEAM = 89944GJ9HX;
				ENABLE_PREVIEWS = YES;
				INFOPLIST_FILE = ToDoList/Info.plist;
				IPHONEOS_DEPLOYMENT_TARGET = 14.0;
				LD_RUNPATH_SEARCH_PATHS = (
					"$(inherited)",
					"@executable_path/Frameworks",
				);
				PRODUCT_BUNDLE_IDENTIFIER = kakeru.ToDoList;
				PRODUCT_NAME = "$(TARGET_NAME)";
				SWIFT_VERSION = 5.0;
				TARGETED_DEVICE_FAMILY = "1,2";
			};
			name = Debug;
		};
		780F7035259B5B2200062EB5 /* Release */ = {
			isa = XCBuildConfiguration;
			buildSettings = {
				ASSETCATALOG_COMPILER_APPICON_NAME = AppIcon;
				ASSETCATALOG_COMPILER_GLOBAL_ACCENT_COLOR_NAME = AccentColor;
				CODE_SIGN_STYLE = Automatic;
				DEVELOPMENT_ASSET_PATHS = "\"ToDoList/Preview Content\"";
				DEVELOPMENT_TEAM = 89944GJ9HX;
				ENABLE_PREVIEWS = YES;
				INFOPLIST_FILE = ToDoList/Info.plist;
				IPHONEOS_DEPLOYMENT_TARGET = 14.0;
				LD_RUNPATH_SEARCH_PATHS = (
					"$(inherited)",
					"@executable_path/Frameworks",
				);
				PRODUCT_BUNDLE_IDENTIFIER = kakeru.ToDoList;
				PRODUCT_NAME = "$(TARGET_NAME)";
				SWIFT_VERSION = 5.0;
				TARGETED_DEVICE_FAMILY = "1,2";
			};
			name = Release;
		};
/* End XCBuildConfiguration section */

/* Begin XCConfigurationList section */
		780F701F259B5B2000062EB5 /* Build configuration list for PBXProject "ToDoList" */ = {
			isa = XCConfigurationList;
			buildConfigurations = (
				780F7031259B5B2200062EB5 /* Debug */,
				780F7032259B5B2200062EB5 /* Release */,
			);
			defaultConfigurationIsVisible = 0;
			defaultConfigurationName = Release;
		};
		780F7033259B5B2200062EB5 /* Build configuration list for PBXNativeTarget "ToDoList" */ = {
			isa = XCConfigurationList;
			buildConfigurations = (
				780F7034259B5B2200062EB5 /* Debug */,
				780F7035259B5B2200062EB5 /* Release */,
			);
			defaultConfigurationIsVisible = 0;
			defaultConfigurationName = Release;
		};
/* End XCConfigurationList section */
	};
	rootObject = 780F701C259B5B2000062EB5 /* Project object */;
}
